
Microsoft Visual Studio Solution File, Format Version 12.00
# Visual Studio Version 17
VisualStudioVersion = 17.0.31903.59
MinimumVisualStudioVersion = 10.0.40219.1
Project("{FAE04EC0-301F-11D3-BF4B-00C04F79EFBC}") = "RabbitConsumer", "RabbitConsumer\RabbitConsumer.csproj", "{F40D3073-CD49-4C73-93F8-631E55AF1AF4}"
EndProject
Project("{FAE04EC0-301F-11D3-BF4B-00C04F79EFBC}") = "RabbitMqSample", "WebApi\RabbitMqSample.csproj", "{8B435405-25CE-40C3-A647-D8F8E79D0C95}"
EndProject
Global
	GlobalSection(SolutionConfigurationPlatforms) = preSolution
		Debug|Any CPU = Debug|Any CPU
		Release|Any CPU = Release|Any CPU
	EndGlobalSection
	GlobalSection(SolutionProperties) = preSolution
		HideSolutionNode = FALSE
	EndGlobalSection
	GlobalSection(ProjectConfigurationPlatforms) = postSolution
		{F40D3073-CD49-4C73-93F8-631E55AF1AF4}.Debug|Any CPU.ActiveCfg = Debug|Any CPU
		{F40D3073-CD49-4C73-93F8-631E55AF1AF4}.Debug|Any CPU.Build.0 = Debug|Any CPU
		{F40D3073-CD49-4C73-93F8-631E55AF1AF4}.Release|Any CPU.ActiveCfg = Release|Any CPU
		{F40D3073-CD49-4C73-93F8-631E55AF1AF4}.Release|Any CPU.Build.0 = Release|Any CPU
		{8B435405-25CE-40C3-A647-D8F8E79D0C95}.Debug|Any CPU.ActiveCfg = Debug|Any CPU
		{8B435405-25CE-40C3-A647-D8F8E79D0C95}.Debug|Any CPU.Build.0 = Debug|Any CPU
		{8B435405-25CE-40C3-A647-D8F8E79D0C95}.Release|Any CPU.ActiveCfg = Release|Any CPU
		{8B435405-25CE-40C3-A647-D8F8E79D0C95}.Release|Any CPU.Build.0 = Release|Any CPU
	EndGlobalSection
EndGlobal
